
Microsoft Visual Studio Solution File, Format Version 10.00
# Visual C++ Express 2008
Project("{8BC9CEB8-8B4A-11D0-8D11-00A0C91BC942}") = "AI", "AI.vcproj", "{1849476E-64E9-4B69-BF43-C57D9425E550}"
EndProject
Global
	GlobalSection(SolutionConfigurationPlatforms) = preSolution
		Debug|Win32 = Debug|Win32
		Release|Win32 = Release|Win32
	EndGlobalSection
	GlobalSection(ProjectConfigurationPlatforms) = postSolution
		{1849476E-64E9-4B69-BF43-C57D9425E550}.Debug|Win32.ActiveCfg = Debug|Win32
		{1849476E-64E9-4B69-BF43-C57D9425E550}.Debug|Win32.Build.0 = Debug|Win32
		{1849476E-64E9-4B69-BF43-C57D9425E550}.Release|Win32.ActiveCfg = Release|Win32
		{1849476E-64E9-4B69-BF43-C57D9425E550}.Release|Win32.Build.0 = Release|Win32
	EndGlobalSection
	GlobalSection(SolutionProperties) = preSolution
		HideSolutionNode = FALSE
	EndGlobalSection
EndGlobal
